
Microsoft Visual Studio Solution File, Format Version 12.00
# Visual Studio Version 16
VisualStudioVersion = 16.0.29324.140
MinimumVisualStudioVersion = 10.0.40219.1
Project("{2150E333-8FDC-42A3-9474-1A3956D46DE8}") = "Azure_Static", "Azure_Static", "{F70BBF60-A59D-48D6-8591-C07679AC0953}"
	ProjectSection(SolutionItems) = preProject
		Azure_Static\test.txt = Azure_Static\test.txt
	EndProjectSection
EndProject
Project("{FAE04EC0-301F-11D3-BF4B-00C04F79EFBC}") = "Azure_API_Framework", "Azure_API_Framework\Azure_API_Framework.csproj", "{E19577C5-187F-4EDE-B86B-E96F1CF18320}"
EndProject
Global
	GlobalSection(SolutionConfigurationPlatforms) = preSolution
		Debug|Any CPU = Debug|Any CPU
		Release|Any CPU = Release|Any CPU
	EndGlobalSection
	GlobalSection(ProjectConfigurationPlatforms) = postSolution
		{E19577C5-187F-4EDE-B86B-E96F1CF18320}.Debug|Any CPU.ActiveCfg = Debug|Any CPU
		{E19577C5-187F-4EDE-B86B-E96F1CF18320}.Debug|Any CPU.Build.0 = Debug|Any CPU
		{E19577C5-187F-4EDE-B86B-E96F1CF18320}.Release|Any CPU.ActiveCfg = Release|Any CPU
		{E19577C5-187F-4EDE-B86B-E96F1CF18320}.Release|Any CPU.Build.0 = Release|Any CPU
	EndGlobalSection
	GlobalSection(SolutionProperties) = preSolution
		HideSolutionNode = FALSE
	EndGlobalSection
	GlobalSection(ExtensibilityGlobals) = postSolution
		SolutionGuid = {5C047936-8ACE-4322-B016-98D2D955CDAB}
	EndGlobalSection
EndGlobal
